// !$*UTF8*$!
{
	archiveVersion = 1;
	classes = {
	};
	objectVersion = 46;
	objects = {

/* Begin PBXAggregateTarget section */
		234ADC1FFF6045DAA78AC5CB /* install */ = {
			isa = PBXAggregateTarget;
			buildConfigurationList = 172136C01BA44CA987946488 /* Build configuration list for PBXAggregateTarget "install" */;
			buildPhases = (
				93426DA6A4AC2C2AC9CE883C /* CMake PostBuild Rules */,
			);
			dependencies = (
				94A68C45EE174942B53FBDE0 /* PBXTargetDependency */,
			);
			name = install;
			productName = install;
		};
		3FC7CC2B15CD4D66AE302E78 /* ZERO_CHECK */ = {
			isa = PBXAggregateTarget;
			buildConfigurationList = 497C734DE8B747DDAF1D0218 /* Build configuration list for PBXAggregateTarget "ZERO_CHECK" */;
			buildPhases = (
				E9FF044AF817379B77C1D21D /* Generate CMakeFiles/ZERO_CHECK */,
			);
			dependencies = (
			);
			name = ZERO_CHECK;
			productName = ZERO_CHECK;
		};
		D96CAC765ED8423EB7EDD20B /* ALL_BUILD */ = {
			isa = PBXAggregateTarget;
			buildConfigurationList = 154D9CBAC445488DB9E53BBF /* Build configuration list for PBXAggregateTarget "ALL_BUILD" */;
			buildPhases = (
				95F07E44430EE8B4082A4DBC /* Generate CMakeFiles/ALL_BUILD */,
			);
			dependencies = (
				EF9805CEBADB4C8F8AB9FA3C /* PBXTargetDependency */,
				4392C7EA07A24DC28D4887C5 /* PBXTargetDependency */,
			);
			name = ALL_BUILD;
			productName = ALL_BUILD;
		};
/* End PBXAggregateTarget section */

/* Begin PBXBuildFile section */
		28D61DCDEAC04185AB112F1B /* /Users/rbq/works/AndroidStudioProjects/HalftoneAll/inksi_image_process/build-ios/CMakeFiles/inksi_image.dir/Info.plist */ = {isa = PBXBuildFile; fileRef = E0DC4A6F44204302A4AA5AEB /* /Users/rbq/works/AndroidStudioProjects/HalftoneAll/inksi_image_process/build-ios/CMakeFiles/inksi_image.dir/Info.plist */; };
		70AFBABA3802435B860EF3FE /* /Users/rbq/works/AndroidStudioProjects/HalftoneAll/inksi_image_process/src/inksi_image_api.cpp */ = {isa = PBXBuildFile; fileRef = B89BD26A897848BE824B602B /* /Users/rbq/works/AndroidStudioProjects/HalftoneAll/inksi_image_process/src/inksi_image_api.cpp */; };
		A101379CFBC74D799D0BD236 /* /Users/rbq/works/AndroidStudioProjects/HalftoneAll/inksi_image_process/CMakeLists.txt */ = {isa = PBXBuildFile; fileRef = 3BA89B46A5704A6093E55CC8 /* /Users/rbq/works/AndroidStudioProjects/HalftoneAll/inksi_image_process/CMakeLists.txt */; };
/* End PBXBuildFile section */

/* Begin PBXBuildStyle section */
		1CDF347D9194422093C91E0E /* Release */ = {
			isa = PBXBuildStyle;
			buildSettings = {
				COPY_PHASE_STRIP = NO;
			};
			name = Release;
		};
		5D544D82A1484A738BF0E5AF /* RelWithDebInfo */ = {
			isa = PBXBuildStyle;
			buildSettings = {
				COPY_PHASE_STRIP = NO;
			};
			name = RelWithDebInfo;
		};
		9CE24ADC63AA46BBABD6066D /* Debug */ = {
			isa = PBXBuildStyle;
			buildSettings = {
				COPY_PHASE_STRIP = NO;
			};
			name = Debug;
		};
		EA6CB9BEDC024A7888004585 /* MinSizeRel */ = {
			isa = PBXBuildStyle;
			buildSettings = {
				COPY_PHASE_STRIP = NO;
			};
			name = MinSizeRel;
		};
/* End PBXBuildStyle section */

/* Begin PBXContainerItemProxy section */
		6D0E734F43C9426F9CED9085 /* PBXContainerItemProxy */ = {
			isa = PBXContainerItemProxy;
			containerPortal = 30339DF82AFC41EAAAF6737A /* Project object */;
			proxyType = 1;
			remoteGlobalIDString = D96CAC765ED8423EB7EDD20B;
			remoteInfo = ALL_BUILD;
		};
		8CA228E905064839B30C9975 /* PBXContainerItemProxy */ = {
			isa = PBXContainerItemProxy;
			containerPortal = 30339DF82AFC41EAAAF6737A /* Project object */;
			proxyType = 1;
			remoteGlobalIDString = 3FC7CC2B15CD4D66AE302E78;
			remoteInfo = ZERO_CHECK;
		};
		D15EE1659A7A441E938DDEB0 /* PBXContainerItemProxy */ = {
			isa = PBXContainerItemProxy;
			containerPortal = 30339DF82AFC41EAAAF6737A /* Project object */;
			proxyType = 1;
			remoteGlobalIDString = 021626D5D4824669AADA4166;
			remoteInfo = inksi_image;
		};
		EBDA4E4444E2445F96B94A54 /* PBXContainerItemProxy */ = {
			isa = PBXContainerItemProxy;
			containerPortal = 30339DF82AFC41EAAAF6737A /* Project object */;
			proxyType = 1;
			remoteGlobalIDString = 3FC7CC2B15CD4D66AE302E78;
			remoteInfo = ZERO_CHECK;
		};
/* End PBXContainerItemProxy section */

/* Begin PBXFileReference section */
		3BA89B46A5704A6093E55CC8 /* /Users/rbq/works/AndroidStudioProjects/HalftoneAll/inksi_image_process/CMakeLists.txt */ = {isa = PBXFileReference; explicitFileType = sourcecode.text; fileEncoding = 4; name = CMakeLists.txt; path = CMakeLists.txt; sourceTree = SOURCE_ROOT; };
		9000D9B18A9D483CB14A9485 /* inksi_image */ = {isa = PBXFileReference; explicitFileType = archive.ar; path = libinksi_image.a; sourceTree = BUILT_PRODUCTS_DIR; };
		9073293C9F0C46EF800B82B3 /* /Users/rbq/works/AndroidStudioProjects/HalftoneAll/inksi_image_process/CMakeLists.txt */ = {isa = PBXFileReference; explicitFileType = sourcecode.text; fileEncoding = 4; name = CMakeLists.txt; path = CMakeLists.txt; sourceTree = SOURCE_ROOT; };
		B89BD26A897848BE824B602B /* /Users/rbq/works/AndroidStudioProjects/HalftoneAll/inksi_image_process/src/inksi_image_api.cpp */ = {isa = PBXFileReference; explicitFileType = sourcecode.cpp.cpp; fileEncoding = 4; name = inksi_image_api.cpp; path = src/inksi_image_api.cpp; sourceTree = SOURCE_ROOT; };
		E0DC4A6F44204302A4AA5AEB /* /Users/rbq/works/AndroidStudioProjects/HalftoneAll/inksi_image_process/build-ios/CMakeFiles/inksi_image.dir/Info.plist */ = {isa = PBXFileReference; explicitFileType = sourcecode.text.plist; fileEncoding = 4; name = Info.plist; path = "build-ios/CMakeFiles/inksi_image.dir/Info.plist"; sourceTree = SOURCE_ROOT; };
/* End PBXFileReference section */

/* Begin PBXFrameworksBuildPhase section */
		6C95406D8F44429A992DF565 /* Frameworks */ = {
			isa = PBXFrameworksBuildPhase;
			buildActionMask = 2147483647;
			files = (
			);
			runOnlyForDeploymentPostprocessing = 0;
		};
/* End PBXFrameworksBuildPhase section */

/* Begin PBXGroup section */
		3D1820DABCCE41A6BE545C62 = {
			isa = PBXGroup;
			children = (
				73D4105602AB4888AA7C21F1 /* inksi_image */,
				F79845D569E94AEBAA279D37 /* ALL_BUILD */,
				5FA3F0419ED740579709F998 /* Products */,
				C8221FE783854BF89D230B35 /* Frameworks */,
			);
			sourceTree = "<group>";
		};
		5FA3F0419ED740579709F998 /* Products */ = {
			isa = PBXGroup;
			children = (
				9000D9B18A9D483CB14A9485 /* inksi_image */,
			);
			name = Products;
			sourceTree = "<group>";
		};
		73D4105602AB4888AA7C21F1 /* inksi_image */ = {
			isa = PBXGroup;
			children = (
				A9C5D39688154CDC80F842CF /* Source Files */,
				851C56512DBF483FAB758C77 /* Resources */,
				3BA89B46A5704A6093E55CC8 /* /Users/rbq/works/AndroidStudioProjects/HalftoneAll/inksi_image_process/CMakeLists.txt */,
			);
			name = inksi_image;
			sourceTree = "<group>";
		};
		851C56512DBF483FAB758C77 /* Resources */ = {
			isa = PBXGroup;
			children = (
				E0DC4A6F44204302A4AA5AEB /* /Users/rbq/works/AndroidStudioProjects/HalftoneAll/inksi_image_process/build-ios/CMakeFiles/inksi_image.dir/Info.plist */,
			);
			name = Resources;
			sourceTree = "<group>";
		};
		A9C5D39688154CDC80F842CF /* Source Files */ = {
			isa = PBXGroup;
			children = (
				B89BD26A897848BE824B602B /* /Users/rbq/works/AndroidStudioProjects/HalftoneAll/inksi_image_process/src/inksi_image_api.cpp */,
			);
			name = "Source Files";
			sourceTree = "<group>";
		};
		BEE106E4E19D459EA91F2D7C /* CMake Rules */ = {
			isa = PBXGroup;
			children = (
			);
			name = "CMake Rules";
			sourceTree = "<group>";
		};
		C8221FE783854BF89D230B35 /* Frameworks */ = {
			isa = PBXGroup;
			children = (
			);
			name = Frameworks;
			sourceTree = "<group>";
		};
		F79845D569E94AEBAA279D37 /* ALL_BUILD */ = {
			isa = PBXGroup;
			children = (
				BEE106E4E19D459EA91F2D7C /* CMake Rules */,
				9073293C9F0C46EF800B82B3 /* /Users/rbq/works/AndroidStudioProjects/HalftoneAll/inksi_image_process/CMakeLists.txt */,
			);
			name = ALL_BUILD;
			sourceTree = "<group>";
		};
/* End PBXGroup section */

/* Begin PBXNativeTarget section */
		021626D5D4824669AADA4166 /* inksi_image */ = {
			isa = PBXNativeTarget;
			buildConfigurationList = 92EF8E761C714E10A91D379C /* Build configuration list for PBXNativeTarget "inksi_image" */;
			buildPhases = (
				D82152B2963C4347A382739E /* Sources */,
				6C95406D8F44429A992DF565 /* Frameworks */,
			);
			buildRules = (
			);
			dependencies = (
				6D9924A0AB9240FFBD644833 /* PBXTargetDependency */,
			);
			name = inksi_image;
			productName = inksi_image;
			productReference = 9000D9B18A9D483CB14A9485 /* inksi_image */;
			productType = "com.apple.product-type.library.static";
		};
/* End PBXNativeTarget section */

/* Begin PBXProject section */
		30339DF82AFC41EAAAF6737A /* Project object */ = {
			isa = PBXProject;
			attributes = {
				BuildIndependentTargetsInParallel = YES;
				LastUpgradeCheck = 2660;
			};
			buildConfigurationList = DDE5090896394A64B5D72C7E /* Build configuration list for PBXProject "inksi_image_process" */;
			buildSettings = {
			};
			buildStyles = (
				9CE24ADC63AA46BBABD6066D /* Debug */,
				1CDF347D9194422093C91E0E /* Release */,
				EA6CB9BEDC024A7888004585 /* MinSizeRel */,
				5D544D82A1484A738BF0E5AF /* RelWithDebInfo */,
			);
			compatibilityVersion = "Xcode 3.2";
			hasScannedForEncodings = 0;
			mainGroup = 3D1820DABCCE41A6BE545C62;
			projectDirPath = /Users/rbq/works/AndroidStudioProjects/HalftoneAll/inksi_image_process;
			projectRoot = "";
			targets = (
				D96CAC765ED8423EB7EDD20B /* ALL_BUILD */,
				3FC7CC2B15CD4D66AE302E78 /* ZERO_CHECK */,
				021626D5D4824669AADA4166 /* inksi_image */,
				234ADC1FFF6045DAA78AC5CB /* install */,
			);
		};
/* End PBXProject section */

/* Begin PBXShellScriptBuildPhase section */
		3C0110FC8322DE7E50886E21 = {
			isa = PBXShellScriptBuildPhase;
			buildActionMask = 2147483647;
			files = (
			);
			inputPaths = (
			);
			outputPaths = (
			);
			runOnlyForDeploymentPostprocessing = 0;
			shellPath = /bin/sh;
			shellScript = "# shell script goes here
exit 0";
			showEnvVarsInLog = 0;
		};
		87AF4882E018677E2624B544 = {
			isa = PBXShellScriptBuildPhase;
			buildActionMask = 2147483647;
			files = (
			);
			inputPaths = (
			);
			outputPaths = (
			);
			runOnlyForDeploymentPostprocessing = 0;
			shellPath = /bin/sh;
			shellScript = "# shell script goes here
exit 0";
			showEnvVarsInLog = 0;
		};
		93426DA6A4AC2C2AC9CE883C /* CMake PostBuild Rules */ = {
			isa = PBXShellScriptBuildPhase;
			alwaysOutOfDate = 1;
			buildActionMask = 2147483647;
			files = (
			);
			name = "CMake PostBuild Rules";
			outputPaths = (
			);
			runOnlyForDeploymentPostprocessing = 0;
			shellPath = /bin/sh;
			shellScript = "set -e
if test \"$CONFIGURATION\" = \"Debug\"; then :
  cd /Users/rbq/works/AndroidStudioProjects/HalftoneAll/inksi_image_process/build-ios
  /Applications/CMake.app/Contents/bin/cmake -DBUILD_TYPE=$CONFIGURATION -DEFFECTIVE_PLATFORM_NAME=$EFFECTIVE_PLATFORM_NAME -P cmake_install.cmake
fi
if test \"$CONFIGURATION\" = \"Release\"; then :
  cd /Users/rbq/works/AndroidStudioProjects/HalftoneAll/inksi_image_process/build-ios
  /Applications/CMake.app/Contents/bin/cmake -DBUILD_TYPE=$CONFIGURATION -DEFFECTIVE_PLATFORM_NAME=$EFFECTIVE_PLATFORM_NAME -P cmake_install.cmake
fi
if test \"$CONFIGURATION\" = \"MinSizeRel\"; then :
  cd /Users/rbq/works/AndroidStudioProjects/HalftoneAll/inksi_image_process/build-ios
  /Applications/CMake.app/Contents/bin/cmake -DBUILD_TYPE=$CONFIGURATION -DEFFECTIVE_PLATFORM_NAME=$EFFECTIVE_PLATFORM_NAME -P cmake_install.cmake
fi
if test \"$CONFIGURATION\" = \"RelWithDebInfo\"; then :
  cd /Users/rbq/works/AndroidStudioProjects/HalftoneAll/inksi_image_process/build-ios
  /Applications/CMake.app/Contents/bin/cmake -DBUILD_TYPE=$CONFIGURATION -DEFFECTIVE_PLATFORM_NAME=$EFFECTIVE_PLATFORM_NAME -P cmake_install.cmake
fi
";
			showEnvVarsInLog = 0;
		};
		95F07E44430EE8B4082A4DBC /* Generate CMakeFiles/ALL_BUILD */ = {
			isa = PBXShellScriptBuildPhase;
			alwaysOutOfDate = 1;
			buildActionMask = 2147483647;
			files = (
			);
			inputPaths = (
			);
			name = "Generate CMakeFiles/ALL_BUILD";
			outputPaths = (
"/Users/rbq/works/AndroidStudioProjects/HalftoneAll/inksi_image_process/build-ios/CMakeFiles/ALL_BUILD"			);
			runOnlyForDeploymentPostprocessing = 0;
			shellPath = /bin/sh;
			shellScript = "set -e
if test \"$CONFIGURATION\" = \"Debug\"; then :
  cd /Users/rbq/works/AndroidStudioProjects/HalftoneAll/inksi_image_process/build-ios
  echo Build\\ all\\ projects
fi
if test \"$CONFIGURATION\" = \"Release\"; then :
  cd /Users/rbq/works/AndroidStudioProjects/HalftoneAll/inksi_image_process/build-ios
  echo Build\\ all\\ projects
fi
if test \"$CONFIGURATION\" = \"MinSizeRel\"; then :
  cd /Users/rbq/works/AndroidStudioProjects/HalftoneAll/inksi_image_process/build-ios
  echo Build\\ all\\ projects
fi
if test \"$CONFIGURATION\" = \"RelWithDebInfo\"; then :
  cd /Users/rbq/works/AndroidStudioProjects/HalftoneAll/inksi_image_process/build-ios
  echo Build\\ all\\ projects
fi
";
			showEnvVarsInLog = 0;
		};
		9B50530E35CC49C82C2FACCF = {
			isa = PBXShellScriptBuildPhase;
			buildActionMask = 2147483647;
			files = (
			);
			inputPaths = (
			);
			outputPaths = (
			);
			runOnlyForDeploymentPostprocessing = 0;
			shellPath = /bin/sh;
			shellScript = "# shell script goes here
exit 0";
			showEnvVarsInLog = 0;
		};
		E9FF044AF817379B77C1D21D /* Generate CMakeFiles/ZERO_CHECK */ = {
			isa = PBXShellScriptBuildPhase;
			alwaysOutOfDate = 1;
			buildActionMask = 2147483647;
			files = (
			);
			inputPaths = (
			);
			name = "Generate CMakeFiles/ZERO_CHECK";
			outputPaths = (
"/Users/rbq/works/AndroidStudioProjects/HalftoneAll/inksi_image_process/build-ios/CMakeFiles/ZERO_CHECK"			);
			runOnlyForDeploymentPostprocessing = 0;
			shellPath = /bin/sh;
			shellScript = "set -e
if test \"$CONFIGURATION\" = \"Debug\"; then :
  cd /Users/rbq/works/AndroidStudioProjects/HalftoneAll/inksi_image_process/build-ios
  make -f /Users/rbq/works/AndroidStudioProjects/HalftoneAll/inksi_image_process/build-ios/CMakeScripts/ReRunCMake.make
fi
if test \"$CONFIGURATION\" = \"Release\"; then :
  cd /Users/rbq/works/AndroidStudioProjects/HalftoneAll/inksi_image_process/build-ios
  make -f /Users/rbq/works/AndroidStudioProjects/HalftoneAll/inksi_image_process/build-ios/CMakeScripts/ReRunCMake.make
fi
if test \"$CONFIGURATION\" = \"MinSizeRel\"; then :
  cd /Users/rbq/works/AndroidStudioProjects/HalftoneAll/inksi_image_process/build-ios
  make -f /Users/rbq/works/AndroidStudioProjects/HalftoneAll/inksi_image_process/build-ios/CMakeScripts/ReRunCMake.make
fi
if test \"$CONFIGURATION\" = \"RelWithDebInfo\"; then :
  cd /Users/rbq/works/AndroidStudioProjects/HalftoneAll/inksi_image_process/build-ios
  make -f /Users/rbq/works/AndroidStudioProjects/HalftoneAll/inksi_image_process/build-ios/CMakeScripts/ReRunCMake.make
fi
";
			showEnvVarsInLog = 0;
		};
/* End PBXShellScriptBuildPhase section */

/* Begin PBXSourcesBuildPhase section */
		D82152B2963C4347A382739E /* Sources */ = {
			isa = PBXSourcesBuildPhase;
			buildActionMask = 2147483647;
			files = (
				70AFBABA3802435B860EF3FE /* /Users/rbq/works/AndroidStudioProjects/HalftoneAll/inksi_image_process/src/inksi_image_api.cpp */,
			);
			runOnlyForDeploymentPostprocessing = 0;
		};
/* End PBXSourcesBuildPhase section */

/* Begin PBXTargetDependency section */
		4392C7EA07A24DC28D4887C5 /* PBXTargetDependency */ = {
			isa = PBXTargetDependency;
			target = 021626D5D4824669AADA4166 /* inksi_image */;
			targetProxy = D15EE1659A7A441E938DDEB0 /* PBXContainerItemProxy */;
		};
		6D9924A0AB9240FFBD644833 /* PBXTargetDependency */ = {
			isa = PBXTargetDependency;
			target = 3FC7CC2B15CD4D66AE302E78 /* ZERO_CHECK */;
			targetProxy = EBDA4E4444E2445F96B94A54 /* PBXContainerItemProxy */;
		};
		94A68C45EE174942B53FBDE0 /* PBXTargetDependency */ = {
			isa = PBXTargetDependency;
			target = D96CAC765ED8423EB7EDD20B /* ALL_BUILD */;
			targetProxy = 6D0E734F43C9426F9CED9085 /* PBXContainerItemProxy */;
		};
		EF9805CEBADB4C8F8AB9FA3C /* PBXTargetDependency */ = {
			isa = PBXTargetDependency;
			target = 3FC7CC2B15CD4D66AE302E78 /* ZERO_CHECK */;
			targetProxy = 8CA228E905064839B30C9975 /* PBXContainerItemProxy */;
		};
/* End PBXTargetDependency section */

/* Begin XCBuildConfiguration section */
		2C8930AC983F4C97A5809EE2 /* RelWithDebInfo */ = {
			isa = XCBuildConfiguration;
			buildSettings = {
				ARCHS = arm64;
				COMBINE_HIDPI_IMAGES = YES;
				EXECUTABLE_PREFIX = lib;
				EXECUTABLE_SUFFIX = .a;
				GCC_GENERATE_DEBUGGING_SYMBOLS = YES;
				GCC_INLINES_ARE_PRIVATE_EXTERN = NO;
				GCC_OPTIMIZATION_LEVEL = 2;
				GCC_PREPROCESSOR_DEFINITIONS = ("'CMAKE_INTDIR=\"$(CONFIGURATION)$(EFFECTIVE_PLATFORM_NAME)\"'",INKSI_USE_OPENCV,"$(inherited)");
				GCC_SYMBOLS_PRIVATE_EXTERN = NO;
				INSTALL_PATH = "";
				LIBRARY_STYLE = STATIC;
				ONLY_ACTIVE_ARCH = NO;
				OTHER_CPLUSPLUSFLAGS = "       -DNDEBUG '-std=gnu++17' ";
				OTHER_LIBTOOLFLAGS = ("");
				OTHER_REZFLAGS = "";
				PRODUCT_NAME = inksi_image;
				SECTORDER_FLAGS = "";
				SYMROOT = "/Users/rbq/works/AndroidStudioProjects/HalftoneAll/inksi_image_process/build-ios";
				SYSTEM_HEADER_SEARCH_PATHS = ("/private/tmp/opencv-ios-install/include/opencv4","$(inherited)");
				USE_HEADERMAP = NO;
				WARNING_CFLAGS = ("$(inherited)");
			};
			name = RelWithDebInfo;
		};
		2D5783A1CFF74565BFBA6D1D /* Debug */ = {
			isa = XCBuildConfiguration;
			buildSettings = {
				COMBINE_HIDPI_IMAGES = YES;
				GCC_GENERATE_DEBUGGING_SYMBOLS = YES;
				GCC_INLINES_ARE_PRIVATE_EXTERN = NO;
				GCC_OPTIMIZATION_LEVEL = 0;
				GCC_PREPROCESSOR_DEFINITIONS = ("'CMAKE_INTDIR=\"$(CONFIGURATION)$(EFFECTIVE_PLATFORM_NAME)\"'","$(inherited)");
				GCC_SYMBOLS_PRIVATE_EXTERN = NO;
				INSTALL_PATH = "";
				OTHER_LDFLAGS = ("","$(inherited)");
				OTHER_REZFLAGS = "";
				PRODUCT_NAME = ZERO_CHECK;
				SECTORDER_FLAGS = "";
				SYMROOT = "/Users/rbq/works/AndroidStudioProjects/HalftoneAll/inksi_image_process/build-ios";
				USE_HEADERMAP = NO;
				WARNING_CFLAGS = ("$(inherited)");
			};
			name = Debug;
		};
		3B6C414574EE4781A820AACF /* RelWithDebInfo */ = {
			isa = XCBuildConfiguration;
			buildSettings = {
				COMBINE_HIDPI_IMAGES = YES;
				GCC_GENERATE_DEBUGGING_SYMBOLS = YES;
				GCC_INLINES_ARE_PRIVATE_EXTERN = NO;
				GCC_OPTIMIZATION_LEVEL = 0;
				GCC_PREPROCESSOR_DEFINITIONS = ("'CMAKE_INTDIR=\"$(CONFIGURATION)$(EFFECTIVE_PLATFORM_NAME)\"'","$(inherited)");
				GCC_SYMBOLS_PRIVATE_EXTERN = NO;
				INSTALL_PATH = "";
				OTHER_LDFLAGS = ("","$(inherited)");
				OTHER_REZFLAGS = "";
				PRODUCT_NAME = ZERO_CHECK;
				SECTORDER_FLAGS = "";
				SYMROOT = "/Users/rbq/works/AndroidStudioProjects/HalftoneAll/inksi_image_process/build-ios";
				USE_HEADERMAP = NO;
				WARNING_CFLAGS = ("$(inherited)");
			};
			name = RelWithDebInfo;
		};
		3F6AA325DC534E198B36D7F1 /* RelWithDebInfo */ = {
			isa = XCBuildConfiguration;
			buildSettings = {
				COMBINE_HIDPI_IMAGES = YES;
				GCC_GENERATE_DEBUGGING_SYMBOLS = YES;
				GCC_INLINES_ARE_PRIVATE_EXTERN = NO;
				GCC_OPTIMIZATION_LEVEL = 0;
				GCC_PREPROCESSOR_DEFINITIONS = ("'CMAKE_INTDIR=\"$(CONFIGURATION)$(EFFECTIVE_PLATFORM_NAME)\"'","$(inherited)");
				GCC_SYMBOLS_PRIVATE_EXTERN = NO;
				INSTALL_PATH = "";
				OTHER_LDFLAGS = ("","$(inherited)");
				OTHER_REZFLAGS = "";
				PRODUCT_NAME = install;
				SECTORDER_FLAGS = "";
				SYMROOT = "/Users/rbq/works/AndroidStudioProjects/HalftoneAll/inksi_image_process/build-ios";
				USE_HEADERMAP = NO;
				WARNING_CFLAGS = ("$(inherited)");
			};
			name = RelWithDebInfo;
		};
		451B6237A9664F72AFD44E95 /* Debug */ = {
			isa = XCBuildConfiguration;
			buildSettings = {
				COMBINE_HIDPI_IMAGES = YES;
				GCC_GENERATE_DEBUGGING_SYMBOLS = YES;
				GCC_INLINES_ARE_PRIVATE_EXTERN = NO;
				GCC_OPTIMIZATION_LEVEL = 0;
				GCC_PREPROCESSOR_DEFINITIONS = ("'CMAKE_INTDIR=\"$(CONFIGURATION)$(EFFECTIVE_PLATFORM_NAME)\"'","$(inherited)");
				GCC_SYMBOLS_PRIVATE_EXTERN = NO;
				INSTALL_PATH = "";
				OTHER_LDFLAGS = ("","$(inherited)");
				OTHER_REZFLAGS = "";
				PRODUCT_NAME = install;
				SECTORDER_FLAGS = "";
				SYMROOT = "/Users/rbq/works/AndroidStudioProjects/HalftoneAll/inksi_image_process/build-ios";
				USE_HEADERMAP = NO;
				WARNING_CFLAGS = ("$(inherited)");
			};
			name = Debug;
		};
		4A94E73396AA496B9F9C2B96 /* Debug */ = {
			isa = XCBuildConfiguration;
			buildSettings = {
				ARCHS = arm64;
				SDKROOT = iphoneos;
				SYMROOT = "/Users/rbq/works/AndroidStudioProjects/HalftoneAll/inksi_image_process/build-ios/build";
			};
			name = Debug;
		};
		514912EF832646B9983C9C2A /* Debug */ = {
			isa = XCBuildConfiguration;
			buildSettings = {
				COMBINE_HIDPI_IMAGES = YES;
				GCC_GENERATE_DEBUGGING_SYMBOLS = YES;
				GCC_INLINES_ARE_PRIVATE_EXTERN = NO;
				GCC_OPTIMIZATION_LEVEL = 0;
				GCC_PREPROCESSOR_DEFINITIONS = ("'CMAKE_INTDIR=\"$(CONFIGURATION)$(EFFECTIVE_PLATFORM_NAME)\"'","$(inherited)");
				GCC_SYMBOLS_PRIVATE_EXTERN = NO;
				INSTALL_PATH = "";
				OTHER_LDFLAGS = ("","$(inherited)");
				OTHER_REZFLAGS = "";
				PRODUCT_NAME = ALL_BUILD;
				SECTORDER_FLAGS = "";
				SYMROOT = "/Users/rbq/works/AndroidStudioProjects/HalftoneAll/inksi_image_process/build-ios";
				USE_HEADERMAP = NO;
				WARNING_CFLAGS = ("$(inherited)");
			};
			name = Debug;
		};
		53150B639FFB4A9B9A84CB3D /* Release */ = {
			isa = XCBuildConfiguration;
			buildSettings = {
				COMBINE_HIDPI_IMAGES = YES;
				GCC_GENERATE_DEBUGGING_SYMBOLS = YES;
				GCC_INLINES_ARE_PRIVATE_EXTERN = NO;
				GCC_OPTIMIZATION_LEVEL = 0;
				GCC_PREPROCESSOR_DEFINITIONS = ("'CMAKE_INTDIR=\"$(CONFIGURATION)$(EFFECTIVE_PLATFORM_NAME)\"'","$(inherited)");
				GCC_SYMBOLS_PRIVATE_EXTERN = NO;
				INSTALL_PATH = "";
				OTHER_LDFLAGS = ("","$(inherited)");
				OTHER_REZFLAGS = "";
				PRODUCT_NAME = install;
				SECTORDER_FLAGS = "";
				SYMROOT = "/Users/rbq/works/AndroidStudioProjects/HalftoneAll/inksi_image_process/build-ios";
				USE_HEADERMAP = NO;
				WARNING_CFLAGS = ("$(inherited)");
			};
			name = Release;
		};
		5B87C04F21F24E0094404D79 /* Release */ = {
			isa = XCBuildConfiguration;
			buildSettings = {
				COMBINE_HIDPI_IMAGES = YES;
				GCC_GENERATE_DEBUGGING_SYMBOLS = YES;
				GCC_INLINES_ARE_PRIVATE_EXTERN = NO;
				GCC_OPTIMIZATION_LEVEL = 0;
				GCC_PREPROCESSOR_DEFINITIONS = ("'CMAKE_INTDIR=\"$(CONFIGURATION)$(EFFECTIVE_PLATFORM_NAME)\"'","$(inherited)");
				GCC_SYMBOLS_PRIVATE_EXTERN = NO;
				INSTALL_PATH = "";
				OTHER_LDFLAGS = ("","$(inherited)");
				OTHER_REZFLAGS = "";
				PRODUCT_NAME = ZERO_CHECK;
				SECTORDER_FLAGS = "";
				SYMROOT = "/Users/rbq/works/AndroidStudioProjects/HalftoneAll/inksi_image_process/build-ios";
				USE_HEADERMAP = NO;
				WARNING_CFLAGS = ("$(inherited)");
			};
			name = Release;
		};
		5C12A6AA869E4541B02D1250 /* Release */ = {
			isa = XCBuildConfiguration;
			buildSettings = {
				ARCHS = arm64;
				COMBINE_HIDPI_IMAGES = YES;
				EXECUTABLE_PREFIX = lib;
				EXECUTABLE_SUFFIX = .a;
				GCC_GENERATE_DEBUGGING_SYMBOLS = NO;
				GCC_INLINES_ARE_PRIVATE_EXTERN = NO;
				GCC_OPTIMIZATION_LEVEL = 3;
				GCC_PREPROCESSOR_DEFINITIONS = ("'CMAKE_INTDIR=\"$(CONFIGURATION)$(EFFECTIVE_PLATFORM_NAME)\"'",INKSI_USE_OPENCV,"$(inherited)");
				GCC_SYMBOLS_PRIVATE_EXTERN = NO;
				INSTALL_PATH = "";
				LIBRARY_STYLE = STATIC;
				ONLY_ACTIVE_ARCH = NO;
				OTHER_CPLUSPLUSFLAGS = "    -DNDEBUG '-std=gnu++17' ";
				OTHER_LIBTOOLFLAGS = ("");
				OTHER_REZFLAGS = "";
				PRODUCT_NAME = inksi_image;
				SECTORDER_FLAGS = "";
				SYMROOT = "/Users/rbq/works/AndroidStudioProjects/HalftoneAll/inksi_image_process/build-ios";
				SYSTEM_HEADER_SEARCH_PATHS = ("/private/tmp/opencv-ios-install/include/opencv4","$(inherited)");
				USE_HEADERMAP = NO;
				WARNING_CFLAGS = ("$(inherited)");
			};
			name = Release;
		};
		A19342DA15744FD9A5FD984D /* RelWithDebInfo */ = {
			isa = XCBuildConfiguration;
			buildSettings = {
				COMBINE_HIDPI_IMAGES = YES;
				GCC_GENERATE_DEBUGGING_SYMBOLS = YES;
				GCC_INLINES_ARE_PRIVATE_EXTERN = NO;
				GCC_OPTIMIZATION_LEVEL = 0;
				GCC_PREPROCESSOR_DEFINITIONS = ("'CMAKE_INTDIR=\"$(CONFIGURATION)$(EFFECTIVE_PLATFORM_NAME)\"'","$(inherited)");
				GCC_SYMBOLS_PRIVATE_EXTERN = NO;
				INSTALL_PATH = "";
				OTHER_LDFLAGS = ("","$(inherited)");
				OTHER_REZFLAGS = "";
				PRODUCT_NAME = ALL_BUILD;
				SECTORDER_FLAGS = "";
				SYMROOT = "/Users/rbq/works/AndroidStudioProjects/HalftoneAll/inksi_image_process/build-ios";
				USE_HEADERMAP = NO;
				WARNING_CFLAGS = ("$(inherited)");
			};
			name = RelWithDebInfo;
		};
		A9F3F448A1664B789EAD6568 /* MinSizeRel */ = {
			isa = XCBuildConfiguration;
			buildSettings = {
				ARCHS = arm64;
				SDKROOT = iphoneos;
				SYMROOT = "/Users/rbq/works/AndroidStudioProjects/HalftoneAll/inksi_image_process/build-ios/build";
			};
			name = MinSizeRel;
		};
		ABC0E4E744BF4CD8B0F2A0E3 /* MinSizeRel */ = {
			isa = XCBuildConfiguration;
			buildSettings = {
				COMBINE_HIDPI_IMAGES = YES;
				GCC_GENERATE_DEBUGGING_SYMBOLS = YES;
				GCC_INLINES_ARE_PRIVATE_EXTERN = NO;
				GCC_OPTIMIZATION_LEVEL = 0;
				GCC_PREPROCESSOR_DEFINITIONS = ("'CMAKE_INTDIR=\"$(CONFIGURATION)$(EFFECTIVE_PLATFORM_NAME)\"'","$(inherited)");
				GCC_SYMBOLS_PRIVATE_EXTERN = NO;
				INSTALL_PATH = "";
				OTHER_LDFLAGS = ("","$(inherited)");
				OTHER_REZFLAGS = "";
				PRODUCT_NAME = ZERO_CHECK;
				SECTORDER_FLAGS = "";
				SYMROOT = "/Users/rbq/works/AndroidStudioProjects/HalftoneAll/inksi_image_process/build-ios";
				USE_HEADERMAP = NO;
				WARNING_CFLAGS = ("$(inherited)");
			};
			name = MinSizeRel;
		};
		AC298EA9E0BB4BA897C2C30C /* MinSizeRel */ = {
			isa = XCBuildConfiguration;
			buildSettings = {
				COMBINE_HIDPI_IMAGES = YES;
				GCC_GENERATE_DEBUGGING_SYMBOLS = YES;
				GCC_INLINES_ARE_PRIVATE_EXTERN = NO;
				GCC_OPTIMIZATION_LEVEL = 0;
				GCC_PREPROCESSOR_DEFINITIONS = ("'CMAKE_INTDIR=\"$(CONFIGURATION)$(EFFECTIVE_PLATFORM_NAME)\"'","$(inherited)");
				GCC_SYMBOLS_PRIVATE_EXTERN = NO;
				INSTALL_PATH = "";
				OTHER_LDFLAGS = ("","$(inherited)");
				OTHER_REZFLAGS = "";
				PRODUCT_NAME = ALL_BUILD;
				SECTORDER_FLAGS = "";
				SYMROOT = "/Users/rbq/works/AndroidStudioProjects/HalftoneAll/inksi_image_process/build-ios";
				USE_HEADERMAP = NO;
				WARNING_CFLAGS = ("$(inherited)");
			};
			name = MinSizeRel;
		};
		C8AAB78B896E4EA8B023CDBD /* Release */ = {
			isa = XCBuildConfiguration;
			buildSettings = {
				ARCHS = arm64;
				SDKROOT = iphoneos;
				SYMROOT = "/Users/rbq/works/AndroidStudioProjects/HalftoneAll/inksi_image_process/build-ios/build";
			};
			name = Release;
		};
		CD1AE1398E3C46BABC242AFB /* Release */ = {
			isa = XCBuildConfiguration;
			buildSettings = {
				COMBINE_HIDPI_IMAGES = YES;
				GCC_GENERATE_DEBUGGING_SYMBOLS = YES;
				GCC_INLINES_ARE_PRIVATE_EXTERN = NO;
				GCC_OPTIMIZATION_LEVEL = 0;
				GCC_PREPROCESSOR_DEFINITIONS = ("'CMAKE_INTDIR=\"$(CONFIGURATION)$(EFFECTIVE_PLATFORM_NAME)\"'","$(inherited)");
				GCC_SYMBOLS_PRIVATE_EXTERN = NO;
				INSTALL_PATH = "";
				OTHER_LDFLAGS = ("","$(inherited)");
				OTHER_REZFLAGS = "";
				PRODUCT_NAME = ALL_BUILD;
				SECTORDER_FLAGS = "";
				SYMROOT = "/Users/rbq/works/AndroidStudioProjects/HalftoneAll/inksi_image_process/build-ios";
				USE_HEADERMAP = NO;
				WARNING_CFLAGS = ("$(inherited)");
			};
			name = Release;
		};
		CDFD522165B44175987B0141 /* Debug */ = {
			isa = XCBuildConfiguration;
			buildSettings = {
				ARCHS = arm64;
				COMBINE_HIDPI_IMAGES = YES;
				EXECUTABLE_PREFIX = lib;
				EXECUTABLE_SUFFIX = .a;
				GCC_GENERATE_DEBUGGING_SYMBOLS = YES;
				GCC_INLINES_ARE_PRIVATE_EXTERN = NO;
				GCC_OPTIMIZATION_LEVEL = 0;
				GCC_PREPROCESSOR_DEFINITIONS = ("'CMAKE_INTDIR=\"$(CONFIGURATION)$(EFFECTIVE_PLATFORM_NAME)\"'",INKSI_USE_OPENCV,"$(inherited)");
				GCC_SYMBOLS_PRIVATE_EXTERN = NO;
				INSTALL_PATH = "";
				LIBRARY_STYLE = STATIC;
				ONLY_ACTIVE_ARCH = NO;
				OTHER_CPLUSPLUSFLAGS = "   '-std=gnu++17' ";
				OTHER_LIBTOOLFLAGS = ("");
				OTHER_REZFLAGS = "";
				PRODUCT_NAME = inksi_image;
				SECTORDER_FLAGS = "";
				SYMROOT = "/Users/rbq/works/AndroidStudioProjects/HalftoneAll/inksi_image_process/build-ios";
				SYSTEM_HEADER_SEARCH_PATHS = ("/private/tmp/opencv-ios-install/include/opencv4","$(inherited)");
				USE_HEADERMAP = NO;
				WARNING_CFLAGS = ("$(inherited)");
			};
			name = Debug;
		};
		D722F2D574D740DA8BF0BC94 /* MinSizeRel */ = {
			isa = XCBuildConfiguration;
			buildSettings = {
				COMBINE_HIDPI_IMAGES = YES;
				GCC_GENERATE_DEBUGGING_SYMBOLS = YES;
				GCC_INLINES_ARE_PRIVATE_EXTERN = NO;
				GCC_OPTIMIZATION_LEVEL = 0;
				GCC_PREPROCESSOR_DEFINITIONS = ("'CMAKE_INTDIR=\"$(CONFIGURATION)$(EFFECTIVE_PLATFORM_NAME)\"'","$(inherited)");
				GCC_SYMBOLS_PRIVATE_EXTERN = NO;
				INSTALL_PATH = "";
				OTHER_LDFLAGS = ("","$(inherited)");
				OTHER_REZFLAGS = "";
				PRODUCT_NAME = install;
				SECTORDER_FLAGS = "";
				SYMROOT = "/Users/rbq/works/AndroidStudioProjects/HalftoneAll/inksi_image_process/build-ios";
				USE_HEADERMAP = NO;
				WARNING_CFLAGS = ("$(inherited)");
			};
			name = MinSizeRel;
		};
		D8E17356F2804DD4ABBD626C /* MinSizeRel */ = {
			isa = XCBuildConfiguration;
			buildSettings = {
				ARCHS = arm64;
				COMBINE_HIDPI_IMAGES = YES;
				EXECUTABLE_PREFIX = lib;
				EXECUTABLE_SUFFIX = .a;
				GCC_GENERATE_DEBUGGING_SYMBOLS = NO;
				GCC_INLINES_ARE_PRIVATE_EXTERN = NO;
				GCC_OPTIMIZATION_LEVEL = s;
				GCC_PREPROCESSOR_DEFINITIONS = ("'CMAKE_INTDIR=\"$(CONFIGURATION)$(EFFECTIVE_PLATFORM_NAME)\"'",INKSI_USE_OPENCV,"$(inherited)");
				GCC_SYMBOLS_PRIVATE_EXTERN = NO;
				INSTALL_PATH = "";
				LIBRARY_STYLE = STATIC;
				ONLY_ACTIVE_ARCH = NO;
				OTHER_CPLUSPLUSFLAGS = "    -DNDEBUG '-std=gnu++17' ";
				OTHER_LIBTOOLFLAGS = ("");
				OTHER_REZFLAGS = "";
				PRODUCT_NAME = inksi_image;
				SECTORDER_FLAGS = "";
				SYMROOT = "/Users/rbq/works/AndroidStudioProjects/HalftoneAll/inksi_image_process/build-ios";
				SYSTEM_HEADER_SEARCH_PATHS = ("/private/tmp/opencv-ios-install/include/opencv4","$(inherited)");
				USE_HEADERMAP = NO;
				WARNING_CFLAGS = ("$(inherited)");
			};
			name = MinSizeRel;
		};
		F76BF381224E46A38D6875C0 /* RelWithDebInfo */ = {
			isa = XCBuildConfiguration;
			buildSettings = {
				ARCHS = arm64;
				SDKROOT = iphoneos;
				SYMROOT = "/Users/rbq/works/AndroidStudioProjects/HalftoneAll/inksi_image_process/build-ios/build";
			};
			name = RelWithDebInfo;
		};
/* End XCBuildConfiguration section */

/* Begin XCConfigurationList section */
		154D9CBAC445488DB9E53BBF /* Build configuration list for PBXAggregateTarget "ALL_BUILD" */ = {
			isa = XCConfigurationList;
			buildConfigurations = (
				514912EF832646B9983C9C2A /* Debug */,
				CD1AE1398E3C46BABC242AFB /* Release */,
				AC298EA9E0BB4BA897C2C30C /* MinSizeRel */,
				A19342DA15744FD9A5FD984D /* RelWithDebInfo */,
			);
			defaultConfigurationIsVisible = 0;
			defaultConfigurationName = Debug;
		};
		172136C01BA44CA987946488 /* Build configuration list for PBXAggregateTarget "install" */ = {
			isa = XCConfigurationList;
			buildConfigurations = (
				451B6237A9664F72AFD44E95 /* Debug */,
				53150B639FFB4A9B9A84CB3D /* Release */,
				D722F2D574D740DA8BF0BC94 /* MinSizeRel */,
				3F6AA325DC534E198B36D7F1 /* RelWithDebInfo */,
			);
			defaultConfigurationIsVisible = 0;
			defaultConfigurationName = Debug;
		};
		497C734DE8B747DDAF1D0218 /* Build configuration list for PBXAggregateTarget "ZERO_CHECK" */ = {
			isa = XCConfigurationList;
			buildConfigurations = (
				2D5783A1CFF74565BFBA6D1D /* Debug */,
				5B87C04F21F24E0094404D79 /* Release */,
				ABC0E4E744BF4CD8B0F2A0E3 /* MinSizeRel */,
				3B6C414574EE4781A820AACF /* RelWithDebInfo */,
			);
			defaultConfigurationIsVisible = 0;
			defaultConfigurationName = Debug;
		};
		92EF8E761C714E10A91D379C /* Build configuration list for PBXNativeTarget "inksi_image" */ = {
			isa = XCConfigurationList;
			buildConfigurations = (
				CDFD522165B44175987B0141 /* Debug */,
				5C12A6AA869E4541B02D1250 /* Release */,
				D8E17356F2804DD4ABBD626C /* MinSizeRel */,
				2C8930AC983F4C97A5809EE2 /* RelWithDebInfo */,
			);
			defaultConfigurationIsVisible = 0;
			defaultConfigurationName = Debug;
		};
		DDE5090896394A64B5D72C7E /* Build configuration list for PBXProject "inksi_image_process" */ = {
			isa = XCConfigurationList;
			buildConfigurations = (
				4A94E73396AA496B9F9C2B96 /* Debug */,
				C8AAB78B896E4EA8B023CDBD /* Release */,
				A9F3F448A1664B789EAD6568 /* MinSizeRel */,
				F76BF381224E46A38D6875C0 /* RelWithDebInfo */,
			);
			defaultConfigurationIsVisible = 0;
			defaultConfigurationName = Debug;
		};
/* End XCConfigurationList section */
	};
	rootObject = 30339DF82AFC41EAAAF6737A /* Project object */;
}
