// !$*UTF8*$!
{
	archiveVersion = 1;
	classes = {
	};
	objectVersion = 46;
	objects = {

/* Begin PBXAggregateTarget section */
		234ADC1FFF6045DAA78AC5CB /* install */ = {
			isa = PBXAggregateTarget;
			buildConfigurationList = DF34BA421D954B3A882E7422 /* Build configuration list for PBXAggregateTarget "install" */;
			buildPhases = (
				93426DA6A4AC2C2AC9CE883C /* CMake PostBuild Rules */,
			);
			dependencies = (
				3C2049C63E5B4910983A5F68 /* PBXTargetDependency */,
			);
			name = install;
			productName = install;
		};
		3FC7CC2B15CD4D66AE302E78 /* ZERO_CHECK */ = {
			isa = PBXAggregateTarget;
			buildConfigurationList = 68B7AE65ED824049A46B9CDC /* Build configuration list for PBXAggregateTarget "ZERO_CHECK" */;
			buildPhases = (
				E9FF044AF817379B77C1D21D /* Generate CMakeFiles/ZERO_CHECK */,
			);
			dependencies = (
			);
			name = ZERO_CHECK;
			productName = ZERO_CHECK;
		};
		D96CAC765ED8423EB7EDD20B /* ALL_BUILD */ = {
			isa = PBXAggregateTarget;
			buildConfigurationList = 41E46F50775E4F418AE7E2A3 /* Build configuration list for PBXAggregateTarget "ALL_BUILD" */;
			buildPhases = (
				95F07E44430EE8B4082A4DBC /* Generate CMakeFiles/ALL_BUILD */,
			);
			dependencies = (
				F8627A9EC8AB41888B562469 /* PBXTargetDependency */,
				A07DD621AAB64DDCA7A55DCD /* PBXTargetDependency */,
			);
			name = ALL_BUILD;
			productName = ALL_BUILD;
		};
/* End PBXAggregateTarget section */

/* Begin PBXBuildFile section */
		5ABA60BD681B4CC2A83BA3D9 /* /Users/rbq/works/AndroidStudioProjects/HalftoneAll/inksi_image_process/CMakeLists.txt */ = {isa = PBXBuildFile; fileRef = 5E1F3734A8EB4C3985E37AFC /* /Users/rbq/works/AndroidStudioProjects/HalftoneAll/inksi_image_process/CMakeLists.txt */; };
		92669A6800C74440959C13BA /* /Users/rbq/works/AndroidStudioProjects/HalftoneAll/inksi_image_process/src/inksi_image_api.cpp */ = {isa = PBXBuildFile; fileRef = 4DE7169C1B254A9691BCFC62 /* /Users/rbq/works/AndroidStudioProjects/HalftoneAll/inksi_image_process/src/inksi_image_api.cpp */; };
		D21538AC471140208D2306B2 /* /Users/rbq/works/AndroidStudioProjects/HalftoneAll/inksi_image_process/build-ios/CMakeFiles/inksi_image.dir/Info.plist */ = {isa = PBXBuildFile; fileRef = D387331F0ED143B391E015E1 /* /Users/rbq/works/AndroidStudioProjects/HalftoneAll/inksi_image_process/build-ios/CMakeFiles/inksi_image.dir/Info.plist */; };
/* End PBXBuildFile section */

/* Begin PBXBuildStyle section */
		0BD6B48E07C54DE595104923 /* MinSizeRel */ = {
			isa = PBXBuildStyle;
			buildSettings = {
				COPY_PHASE_STRIP = NO;
			};
			name = MinSizeRel;
		};
		144F9AC18FDA401D8458D7C3 /* RelWithDebInfo */ = {
			isa = PBXBuildStyle;
			buildSettings = {
				COPY_PHASE_STRIP = NO;
			};
			name = RelWithDebInfo;
		};
		3B1ACB7C233F48A9A7EFBBFA /* Release */ = {
			isa = PBXBuildStyle;
			buildSettings = {
				COPY_PHASE_STRIP = NO;
			};
			name = Release;
		};
		D2D93A81350A42A19CB42BEC /* Debug */ = {
			isa = PBXBuildStyle;
			buildSettings = {
				COPY_PHASE_STRIP = NO;
			};
			name = Debug;
		};
/* End PBXBuildStyle section */

/* Begin PBXContainerItemProxy section */
		235CD21003C94110B8F8885F /* PBXContainerItemProxy */ = {
			isa = PBXContainerItemProxy;
			containerPortal = 30339DF82AFC41EAAAF6737A /* Project object */;
			proxyType = 1;
			remoteGlobalIDString = 3FC7CC2B15CD4D66AE302E78;
			remoteInfo = ZERO_CHECK;
		};
		4821D0C423C84A49BEABFD13 /* PBXContainerItemProxy */ = {
			isa = PBXContainerItemProxy;
			containerPortal = 30339DF82AFC41EAAAF6737A /* Project object */;
			proxyType = 1;
			remoteGlobalIDString = 3FC7CC2B15CD4D66AE302E78;
			remoteInfo = ZERO_CHECK;
		};
		B60CE223CFD74E5399B9D9A3 /* PBXContainerItemProxy */ = {
			isa = PBXContainerItemProxy;
			containerPortal = 30339DF82AFC41EAAAF6737A /* Project object */;
			proxyType = 1;
			remoteGlobalIDString = D96CAC765ED8423EB7EDD20B;
			remoteInfo = ALL_BUILD;
		};
		E1EEC75D5A35490CB7FF7F4B /* PBXContainerItemProxy */ = {
			isa = PBXContainerItemProxy;
			containerPortal = 30339DF82AFC41EAAAF6737A /* Project object */;
			proxyType = 1;
			remoteGlobalIDString = 021626D5D4824669AADA4166;
			remoteInfo = inksi_image;
		};
/* End PBXContainerItemProxy section */

/* Begin PBXFileReference section */
		4A79C5A26D1C405BBC11ABE5 /* inksi_image */ = {isa = PBXFileReference; explicitFileType = archive.ar; path = libinksi_image.a; sourceTree = BUILT_PRODUCTS_DIR; };
		4DE7169C1B254A9691BCFC62 /* /Users/rbq/works/AndroidStudioProjects/HalftoneAll/inksi_image_process/src/inksi_image_api.cpp */ = {isa = PBXFileReference; explicitFileType = sourcecode.cpp.cpp; fileEncoding = 4; name = inksi_image_api.cpp; path = src/inksi_image_api.cpp; sourceTree = SOURCE_ROOT; };
		5E1F3734A8EB4C3985E37AFC /* /Users/rbq/works/AndroidStudioProjects/HalftoneAll/inksi_image_process/CMakeLists.txt */ = {isa = PBXFileReference; explicitFileType = sourcecode.text; fileEncoding = 4; name = CMakeLists.txt; path = CMakeLists.txt; sourceTree = SOURCE_ROOT; };
		AE873E270C674B2DAEBB3FBD /* /Users/rbq/works/AndroidStudioProjects/HalftoneAll/inksi_image_process/CMakeLists.txt */ = {isa = PBXFileReference; explicitFileType = sourcecode.text; fileEncoding = 4; name = CMakeLists.txt; path = CMakeLists.txt; sourceTree = SOURCE_ROOT; };
		D387331F0ED143B391E015E1 /* /Users/rbq/works/AndroidStudioProjects/HalftoneAll/inksi_image_process/build-ios/CMakeFiles/inksi_image.dir/Info.plist */ = {isa = PBXFileReference; explicitFileType = sourcecode.text.plist; fileEncoding = 4; name = Info.plist; path = "build-ios/CMakeFiles/inksi_image.dir/Info.plist"; sourceTree = SOURCE_ROOT; };
/* End PBXFileReference section */

/* Begin PBXFrameworksBuildPhase section */
		26B6E466DFD844FBA76280F7 /* Frameworks */ = {
			isa = PBXFrameworksBuildPhase;
			buildActionMask = 2147483647;
			files = (
			);
			runOnlyForDeploymentPostprocessing = 0;
		};
/* End PBXFrameworksBuildPhase section */

/* Begin PBXGroup section */
		4F7ED50D98EA4ABA89550C95 /* Frameworks */ = {
			isa = PBXGroup;
			children = (
			);
			name = Frameworks;
			sourceTree = "<group>";
		};
		66EF575A6C9344589F025930 /* ALL_BUILD */ = {
			isa = PBXGroup;
			children = (
				9A1203DFDDC946BF8FF82B66 /* CMake Rules */,
				AE873E270C674B2DAEBB3FBD /* /Users/rbq/works/AndroidStudioProjects/HalftoneAll/inksi_image_process/CMakeLists.txt */,
			);
			name = ALL_BUILD;
			sourceTree = "<group>";
		};
		695009DFB85144A992E20952 /* Products */ = {
			isa = PBXGroup;
			children = (
				4A79C5A26D1C405BBC11ABE5 /* inksi_image */,
			);
			name = Products;
			sourceTree = "<group>";
		};
		6F289F2A1DA44FCE86AE1C28 /* inksi_image */ = {
			isa = PBXGroup;
			children = (
				A9DA949F2AD3484F8AB97B73 /* Source Files */,
				9C9B504DD0DD41AFBF7E7985 /* Resources */,
				5E1F3734A8EB4C3985E37AFC /* /Users/rbq/works/AndroidStudioProjects/HalftoneAll/inksi_image_process/CMakeLists.txt */,
			);
			name = inksi_image;
			sourceTree = "<group>";
		};
		77CA0090C53743B1A602E868 = {
			isa = PBXGroup;
			children = (
				6F289F2A1DA44FCE86AE1C28 /* inksi_image */,
				66EF575A6C9344589F025930 /* ALL_BUILD */,
				695009DFB85144A992E20952 /* Products */,
				4F7ED50D98EA4ABA89550C95 /* Frameworks */,
			);
			sourceTree = "<group>";
		};
		9A1203DFDDC946BF8FF82B66 /* CMake Rules */ = {
			isa = PBXGroup;
			children = (
			);
			name = "CMake Rules";
			sourceTree = "<group>";
		};
		9C9B504DD0DD41AFBF7E7985 /* Resources */ = {
			isa = PBXGroup;
			children = (
				D387331F0ED143B391E015E1 /* /Users/rbq/works/AndroidStudioProjects/HalftoneAll/inksi_image_process/build-ios/CMakeFiles/inksi_image.dir/Info.plist */,
			);
			name = Resources;
			sourceTree = "<group>";
		};
		A9DA949F2AD3484F8AB97B73 /* Source Files */ = {
			isa = PBXGroup;
			children = (
				4DE7169C1B254A9691BCFC62 /* /Users/rbq/works/AndroidStudioProjects/HalftoneAll/inksi_image_process/src/inksi_image_api.cpp */,
			);
			name = "Source Files";
			sourceTree = "<group>";
		};
/* End PBXGroup section */

/* Begin PBXNativeTarget section */
		021626D5D4824669AADA4166 /* inksi_image */ = {
			isa = PBXNativeTarget;
			buildConfigurationList = B40218C41C8342EA83127624 /* Build configuration list for PBXNativeTarget "inksi_image" */;
			buildPhases = (
				8042396DE7A245878F651B84 /* Sources */,
				26B6E466DFD844FBA76280F7 /* Frameworks */,
			);
			buildRules = (
			);
			dependencies = (
				C6A8D694F08647D4ACA2AE64 /* PBXTargetDependency */,
			);
			name = inksi_image;
			productName = inksi_image;
			productReference = 4A79C5A26D1C405BBC11ABE5 /* inksi_image */;
			productType = "com.apple.product-type.library.static";
		};
/* End PBXNativeTarget section */

/* Begin PBXProject section */
		30339DF82AFC41EAAAF6737A /* Project object */ = {
			isa = PBXProject;
			attributes = {
				BuildIndependentTargetsInParallel = YES;
				LastUpgradeCheck = 2660;
			};
			buildConfigurationList = 1A069287536D4FE1929E9494 /* Build configuration list for PBXProject "inksi_image_process" */;
			buildSettings = {
			};
			buildStyles = (
				D2D93A81350A42A19CB42BEC /* Debug */,
				3B1ACB7C233F48A9A7EFBBFA /* Release */,
				0BD6B48E07C54DE595104923 /* MinSizeRel */,
				144F9AC18FDA401D8458D7C3 /* RelWithDebInfo */,
			);
			compatibilityVersion = "Xcode 3.2";
			hasScannedForEncodings = 0;
			mainGroup = 77CA0090C53743B1A602E868;
			projectDirPath = /Users/rbq/works/AndroidStudioProjects/HalftoneAll/inksi_image_process;
			projectRoot = "";
			targets = (
				D96CAC765ED8423EB7EDD20B /* ALL_BUILD */,
				3FC7CC2B15CD4D66AE302E78 /* ZERO_CHECK */,
				021626D5D4824669AADA4166 /* inksi_image */,
				234ADC1FFF6045DAA78AC5CB /* install */,
			);
		};
/* End PBXProject section */

/* Begin PBXShellScriptBuildPhase section */
		3C0110FC8322DE7E50886E21 = {
			isa = PBXShellScriptBuildPhase;
			buildActionMask = 2147483647;
			files = (
			);
			inputPaths = (
			);
			outputPaths = (
			);
			runOnlyForDeploymentPostprocessing = 0;
			shellPath = /bin/sh;
			shellScript = "# shell script goes here
exit 0";
			showEnvVarsInLog = 0;
		};
		87AF4882E018677E2624B544 = {
			isa = PBXShellScriptBuildPhase;
			buildActionMask = 2147483647;
			files = (
			);
			inputPaths = (
			);
			outputPaths = (
			);
			runOnlyForDeploymentPostprocessing = 0;
			shellPath = /bin/sh;
			shellScript = "# shell script goes here
exit 0";
			showEnvVarsInLog = 0;
		};
		93426DA6A4AC2C2AC9CE883C /* CMake PostBuild Rules */ = {
			isa = PBXShellScriptBuildPhase;
			alwaysOutOfDate = 1;
			buildActionMask = 2147483647;
			files = (
			);
			name = "CMake PostBuild Rules";
			outputPaths = (
			);
			runOnlyForDeploymentPostprocessing = 0;
			shellPath = /bin/sh;
			shellScript = "set -e
if test \"$CONFIGURATION\" = \"Debug\"; then :
  cd /Users/rbq/works/AndroidStudioProjects/HalftoneAll/inksi_image_process/build-ios
  /Applications/CMake.app/Contents/bin/cmake -DBUILD_TYPE=$CONFIGURATION -DEFFECTIVE_PLATFORM_NAME=$EFFECTIVE_PLATFORM_NAME -P cmake_install.cmake
fi
if test \"$CONFIGURATION\" = \"Release\"; then :
  cd /Users/rbq/works/AndroidStudioProjects/HalftoneAll/inksi_image_process/build-ios
  /Applications/CMake.app/Contents/bin/cmake -DBUILD_TYPE=$CONFIGURATION -DEFFECTIVE_PLATFORM_NAME=$EFFECTIVE_PLATFORM_NAME -P cmake_install.cmake
fi
if test \"$CONFIGURATION\" = \"MinSizeRel\"; then :
  cd /Users/rbq/works/AndroidStudioProjects/HalftoneAll/inksi_image_process/build-ios
  /Applications/CMake.app/Contents/bin/cmake -DBUILD_TYPE=$CONFIGURATION -DEFFECTIVE_PLATFORM_NAME=$EFFECTIVE_PLATFORM_NAME -P cmake_install.cmake
fi
if test \"$CONFIGURATION\" = \"RelWithDebInfo\"; then :
  cd /Users/rbq/works/AndroidStudioProjects/HalftoneAll/inksi_image_process/build-ios
  /Applications/CMake.app/Contents/bin/cmake -DBUILD_TYPE=$CONFIGURATION -DEFFECTIVE_PLATFORM_NAME=$EFFECTIVE_PLATFORM_NAME -P cmake_install.cmake
fi
";
			showEnvVarsInLog = 0;
		};
		95F07E44430EE8B4082A4DBC /* Generate CMakeFiles/ALL_BUILD */ = {
			isa = PBXShellScriptBuildPhase;
			alwaysOutOfDate = 1;
			buildActionMask = 2147483647;
			files = (
			);
			inputPaths = (
			);
			name = "Generate CMakeFiles/ALL_BUILD";
			outputPaths = (
"/Users/rbq/works/AndroidStudioProjects/HalftoneAll/inksi_image_process/build-ios/CMakeFiles/ALL_BUILD"			);
			runOnlyForDeploymentPostprocessing = 0;
			shellPath = /bin/sh;
			shellScript = "set -e
if test \"$CONFIGURATION\" = \"Debug\"; then :
  cd /Users/rbq/works/AndroidStudioProjects/HalftoneAll/inksi_image_process/build-ios
  echo Build\\ all\\ projects
fi
if test \"$CONFIGURATION\" = \"Release\"; then :
  cd /Users/rbq/works/AndroidStudioProjects/HalftoneAll/inksi_image_process/build-ios
  echo Build\\ all\\ projects
fi
if test \"$CONFIGURATION\" = \"MinSizeRel\"; then :
  cd /Users/rbq/works/AndroidStudioProjects/HalftoneAll/inksi_image_process/build-ios
  echo Build\\ all\\ projects
fi
if test \"$CONFIGURATION\" = \"RelWithDebInfo\"; then :
  cd /Users/rbq/works/AndroidStudioProjects/HalftoneAll/inksi_image_process/build-ios
  echo Build\\ all\\ projects
fi
";
			showEnvVarsInLog = 0;
		};
		9B50530E35CC49C82C2FACCF = {
			isa = PBXShellScriptBuildPhase;
			buildActionMask = 2147483647;
			files = (
			);
			inputPaths = (
			);
			outputPaths = (
			);
			runOnlyForDeploymentPostprocessing = 0;
			shellPath = /bin/sh;
			shellScript = "# shell script goes here
exit 0";
			showEnvVarsInLog = 0;
		};
		E9FF044AF817379B77C1D21D /* Generate CMakeFiles/ZERO_CHECK */ = {
			isa = PBXShellScriptBuildPhase;
			alwaysOutOfDate = 1;
			buildActionMask = 2147483647;
			files = (
			);
			inputPaths = (
			);
			name = "Generate CMakeFiles/ZERO_CHECK";
			outputPaths = (
"/Users/rbq/works/AndroidStudioProjects/HalftoneAll/inksi_image_process/build-ios/CMakeFiles/ZERO_CHECK"			);
			runOnlyForDeploymentPostprocessing = 0;
			shellPath = /bin/sh;
			shellScript = "set -e
if test \"$CONFIGURATION\" = \"Debug\"; then :
  cd /Users/rbq/works/AndroidStudioProjects/HalftoneAll/inksi_image_process/build-ios
  make -f /Users/rbq/works/AndroidStudioProjects/HalftoneAll/inksi_image_process/build-ios/CMakeScripts/ReRunCMake.make
fi
if test \"$CONFIGURATION\" = \"Release\"; then :
  cd /Users/rbq/works/AndroidStudioProjects/HalftoneAll/inksi_image_process/build-ios
  make -f /Users/rbq/works/AndroidStudioProjects/HalftoneAll/inksi_image_process/build-ios/CMakeScripts/ReRunCMake.make
fi
if test \"$CONFIGURATION\" = \"MinSizeRel\"; then :
  cd /Users/rbq/works/AndroidStudioProjects/HalftoneAll/inksi_image_process/build-ios
  make -f /Users/rbq/works/AndroidStudioProjects/HalftoneAll/inksi_image_process/build-ios/CMakeScripts/ReRunCMake.make
fi
if test \"$CONFIGURATION\" = \"RelWithDebInfo\"; then :
  cd /Users/rbq/works/AndroidStudioProjects/HalftoneAll/inksi_image_process/build-ios
  make -f /Users/rbq/works/AndroidStudioProjects/HalftoneAll/inksi_image_process/build-ios/CMakeScripts/ReRunCMake.make
fi
";
			showEnvVarsInLog = 0;
		};
/* End PBXShellScriptBuildPhase section */

/* Begin PBXSourcesBuildPhase section */
		8042396DE7A245878F651B84 /* Sources */ = {
			isa = PBXSourcesBuildPhase;
			buildActionMask = 2147483647;
			files = (
				92669A6800C74440959C13BA /* /Users/rbq/works/AndroidStudioProjects/HalftoneAll/inksi_image_process/src/inksi_image_api.cpp */,
			);
			runOnlyForDeploymentPostprocessing = 0;
		};
/* End PBXSourcesBuildPhase section */

/* Begin PBXTargetDependency section */
		3C2049C63E5B4910983A5F68 /* PBXTargetDependency */ = {
			isa = PBXTargetDependency;
			target = D96CAC765ED8423EB7EDD20B /* ALL_BUILD */;
			targetProxy = B60CE223CFD74E5399B9D9A3 /* PBXContainerItemProxy */;
		};
		A07DD621AAB64DDCA7A55DCD /* PBXTargetDependency */ = {
			isa = PBXTargetDependency;
			target = 3FC7CC2B15CD4D66AE302E78 /* ZERO_CHECK */;
			targetProxy = 235CD21003C94110B8F8885F /* PBXContainerItemProxy */;
		};
		C6A8D694F08647D4ACA2AE64 /* PBXTargetDependency */ = {
			isa = PBXTargetDependency;
			target = 3FC7CC2B15CD4D66AE302E78 /* ZERO_CHECK */;
			targetProxy = 4821D0C423C84A49BEABFD13 /* PBXContainerItemProxy */;
		};
		F8627A9EC8AB41888B562469 /* PBXTargetDependency */ = {
			isa = PBXTargetDependency;
			target = 021626D5D4824669AADA4166 /* inksi_image */;
			targetProxy = E1EEC75D5A35490CB7FF7F4B /* PBXContainerItemProxy */;
		};
/* End PBXTargetDependency section */

/* Begin XCBuildConfiguration section */
		03466A86127C4FE790C5F4D7 /* RelWithDebInfo */ = {
			isa = XCBuildConfiguration;
			buildSettings = {
				ARCHS = arm64;
				COMBINE_HIDPI_IMAGES = YES;
				EXECUTABLE_PREFIX = lib;
				EXECUTABLE_SUFFIX = .a;
				GCC_GENERATE_DEBUGGING_SYMBOLS = YES;
				GCC_INLINES_ARE_PRIVATE_EXTERN = NO;
				GCC_OPTIMIZATION_LEVEL = 2;
				GCC_PREPROCESSOR_DEFINITIONS = ("'CMAKE_INTDIR=\"$(CONFIGURATION)$(EFFECTIVE_PLATFORM_NAME)\"'",INKSI_USE_OPENCV,"$(inherited)");
				GCC_SYMBOLS_PRIVATE_EXTERN = NO;
				INSTALL_PATH = "";
				LIBRARY_STYLE = STATIC;
				ONLY_ACTIVE_ARCH = NO;
				OTHER_CPLUSPLUSFLAGS = "       -DNDEBUG '-std=gnu++17' ";
				OTHER_LIBTOOLFLAGS = ("");
				OTHER_REZFLAGS = "";
				PRODUCT_NAME = inksi_image;
				SECTORDER_FLAGS = "";
				SYMROOT = "/Users/rbq/works/AndroidStudioProjects/HalftoneAll/inksi_image_process/build-ios";
				SYSTEM_HEADER_SEARCH_PATHS = ("/private/tmp/opencv-ios-install/include/opencv4","$(inherited)");
				USE_HEADERMAP = NO;
				WARNING_CFLAGS = ("$(inherited)");
			};
			name = RelWithDebInfo;
		};
		21214B0215004595B7D8AFF4 /* RelWithDebInfo */ = {
			isa = XCBuildConfiguration;
			buildSettings = {
				COMBINE_HIDPI_IMAGES = YES;
				GCC_GENERATE_DEBUGGING_SYMBOLS = YES;
				GCC_INLINES_ARE_PRIVATE_EXTERN = NO;
				GCC_OPTIMIZATION_LEVEL = 0;
				GCC_PREPROCESSOR_DEFINITIONS = ("'CMAKE_INTDIR=\"$(CONFIGURATION)$(EFFECTIVE_PLATFORM_NAME)\"'","$(inherited)");
				GCC_SYMBOLS_PRIVATE_EXTERN = NO;
				INSTALL_PATH = "";
				OTHER_LDFLAGS = ("","$(inherited)");
				OTHER_REZFLAGS = "";
				PRODUCT_NAME = install;
				SECTORDER_FLAGS = "";
				SYMROOT = "/Users/rbq/works/AndroidStudioProjects/HalftoneAll/inksi_image_process/build-ios";
				USE_HEADERMAP = NO;
				WARNING_CFLAGS = ("$(inherited)");
			};
			name = RelWithDebInfo;
		};
		29A0003EB23E44EE964FEEB7 /* RelWithDebInfo */ = {
			isa = XCBuildConfiguration;
			buildSettings = {
				COMBINE_HIDPI_IMAGES = YES;
				GCC_GENERATE_DEBUGGING_SYMBOLS = YES;
				GCC_INLINES_ARE_PRIVATE_EXTERN = NO;
				GCC_OPTIMIZATION_LEVEL = 0;
				GCC_PREPROCESSOR_DEFINITIONS = ("'CMAKE_INTDIR=\"$(CONFIGURATION)$(EFFECTIVE_PLATFORM_NAME)\"'","$(inherited)");
				GCC_SYMBOLS_PRIVATE_EXTERN = NO;
				INSTALL_PATH = "";
				OTHER_LDFLAGS = ("","$(inherited)");
				OTHER_REZFLAGS = "";
				PRODUCT_NAME = ZERO_CHECK;
				SECTORDER_FLAGS = "";
				SYMROOT = "/Users/rbq/works/AndroidStudioProjects/HalftoneAll/inksi_image_process/build-ios";
				USE_HEADERMAP = NO;
				WARNING_CFLAGS = ("$(inherited)");
			};
			name = RelWithDebInfo;
		};
		35BF9DF65E5B43EF9E01CE90 /* RelWithDebInfo */ = {
			isa = XCBuildConfiguration;
			buildSettings = {
				COMBINE_HIDPI_IMAGES = YES;
				GCC_GENERATE_DEBUGGING_SYMBOLS = YES;
				GCC_INLINES_ARE_PRIVATE_EXTERN = NO;
				GCC_OPTIMIZATION_LEVEL = 0;
				GCC_PREPROCESSOR_DEFINITIONS = ("'CMAKE_INTDIR=\"$(CONFIGURATION)$(EFFECTIVE_PLATFORM_NAME)\"'","$(inherited)");
				GCC_SYMBOLS_PRIVATE_EXTERN = NO;
				INSTALL_PATH = "";
				OTHER_LDFLAGS = ("","$(inherited)");
				OTHER_REZFLAGS = "";
				PRODUCT_NAME = ALL_BUILD;
				SECTORDER_FLAGS = "";
				SYMROOT = "/Users/rbq/works/AndroidStudioProjects/HalftoneAll/inksi_image_process/build-ios";
				USE_HEADERMAP = NO;
				WARNING_CFLAGS = ("$(inherited)");
			};
			name = RelWithDebInfo;
		};
		391A44A4F9D34295A8872912 /* MinSizeRel */ = {
			isa = XCBuildConfiguration;
			buildSettings = {
				COMBINE_HIDPI_IMAGES = YES;
				GCC_GENERATE_DEBUGGING_SYMBOLS = YES;
				GCC_INLINES_ARE_PRIVATE_EXTERN = NO;
				GCC_OPTIMIZATION_LEVEL = 0;
				GCC_PREPROCESSOR_DEFINITIONS = ("'CMAKE_INTDIR=\"$(CONFIGURATION)$(EFFECTIVE_PLATFORM_NAME)\"'","$(inherited)");
				GCC_SYMBOLS_PRIVATE_EXTERN = NO;
				INSTALL_PATH = "";
				OTHER_LDFLAGS = ("","$(inherited)");
				OTHER_REZFLAGS = "";
				PRODUCT_NAME = ZERO_CHECK;
				SECTORDER_FLAGS = "";
				SYMROOT = "/Users/rbq/works/AndroidStudioProjects/HalftoneAll/inksi_image_process/build-ios";
				USE_HEADERMAP = NO;
				WARNING_CFLAGS = ("$(inherited)");
			};
			name = MinSizeRel;
		};
		418B8BCF527F44568F7E7C68 /* MinSizeRel */ = {
			isa = XCBuildConfiguration;
			buildSettings = {
				COMBINE_HIDPI_IMAGES = YES;
				GCC_GENERATE_DEBUGGING_SYMBOLS = YES;
				GCC_INLINES_ARE_PRIVATE_EXTERN = NO;
				GCC_OPTIMIZATION_LEVEL = 0;
				GCC_PREPROCESSOR_DEFINITIONS = ("'CMAKE_INTDIR=\"$(CONFIGURATION)$(EFFECTIVE_PLATFORM_NAME)\"'","$(inherited)");
				GCC_SYMBOLS_PRIVATE_EXTERN = NO;
				INSTALL_PATH = "";
				OTHER_LDFLAGS = ("","$(inherited)");
				OTHER_REZFLAGS = "";
				PRODUCT_NAME = ALL_BUILD;
				SECTORDER_FLAGS = "";
				SYMROOT = "/Users/rbq/works/AndroidStudioProjects/HalftoneAll/inksi_image_process/build-ios";
				USE_HEADERMAP = NO;
				WARNING_CFLAGS = ("$(inherited)");
			};
			name = MinSizeRel;
		};
		537EBA253A6941F58E29D095 /* Release */ = {
			isa = XCBuildConfiguration;
			buildSettings = {
				ARCHS = arm64;
				COMBINE_HIDPI_IMAGES = YES;
				EXECUTABLE_PREFIX = lib;
				EXECUTABLE_SUFFIX = .a;
				GCC_GENERATE_DEBUGGING_SYMBOLS = NO;
				GCC_INLINES_ARE_PRIVATE_EXTERN = NO;
				GCC_OPTIMIZATION_LEVEL = 3;
				GCC_PREPROCESSOR_DEFINITIONS = ("'CMAKE_INTDIR=\"$(CONFIGURATION)$(EFFECTIVE_PLATFORM_NAME)\"'",INKSI_USE_OPENCV,"$(inherited)");
				GCC_SYMBOLS_PRIVATE_EXTERN = NO;
				INSTALL_PATH = "";
				LIBRARY_STYLE = STATIC;
				ONLY_ACTIVE_ARCH = NO;
				OTHER_CPLUSPLUSFLAGS = "    -DNDEBUG '-std=gnu++17' ";
				OTHER_LIBTOOLFLAGS = ("");
				OTHER_REZFLAGS = "";
				PRODUCT_NAME = inksi_image;
				SECTORDER_FLAGS = "";
				SYMROOT = "/Users/rbq/works/AndroidStudioProjects/HalftoneAll/inksi_image_process/build-ios";
				SYSTEM_HEADER_SEARCH_PATHS = ("/private/tmp/opencv-ios-install/include/opencv4","$(inherited)");
				USE_HEADERMAP = NO;
				WARNING_CFLAGS = ("$(inherited)");
			};
			name = Release;
		};
		5D4AF32A2AB248B18F34B72B /* MinSizeRel */ = {
			isa = XCBuildConfiguration;
			buildSettings = {
				COMBINE_HIDPI_IMAGES = YES;
				GCC_GENERATE_DEBUGGING_SYMBOLS = YES;
				GCC_INLINES_ARE_PRIVATE_EXTERN = NO;
				GCC_OPTIMIZATION_LEVEL = 0;
				GCC_PREPROCESSOR_DEFINITIONS = ("'CMAKE_INTDIR=\"$(CONFIGURATION)$(EFFECTIVE_PLATFORM_NAME)\"'","$(inherited)");
				GCC_SYMBOLS_PRIVATE_EXTERN = NO;
				INSTALL_PATH = "";
				OTHER_LDFLAGS = ("","$(inherited)");
				OTHER_REZFLAGS = "";
				PRODUCT_NAME = install;
				SECTORDER_FLAGS = "";
				SYMROOT = "/Users/rbq/works/AndroidStudioProjects/HalftoneAll/inksi_image_process/build-ios";
				USE_HEADERMAP = NO;
				WARNING_CFLAGS = ("$(inherited)");
			};
			name = MinSizeRel;
		};
		6306C440DD324DADBD33BB17 /* Debug */ = {
			isa = XCBuildConfiguration;
			buildSettings = {
				ARCHS = arm64;
				COMBINE_HIDPI_IMAGES = YES;
				EXECUTABLE_PREFIX = lib;
				EXECUTABLE_SUFFIX = .a;
				GCC_GENERATE_DEBUGGING_SYMBOLS = YES;
				GCC_INLINES_ARE_PRIVATE_EXTERN = NO;
				GCC_OPTIMIZATION_LEVEL = 0;
				GCC_PREPROCESSOR_DEFINITIONS = ("'CMAKE_INTDIR=\"$(CONFIGURATION)$(EFFECTIVE_PLATFORM_NAME)\"'",INKSI_USE_OPENCV,"$(inherited)");
				GCC_SYMBOLS_PRIVATE_EXTERN = NO;
				INSTALL_PATH = "";
				LIBRARY_STYLE = STATIC;
				ONLY_ACTIVE_ARCH = NO;
				OTHER_CPLUSPLUSFLAGS = "   '-std=gnu++17' ";
				OTHER_LIBTOOLFLAGS = ("");
				OTHER_REZFLAGS = "";
				PRODUCT_NAME = inksi_image;
				SECTORDER_FLAGS = "";
				SYMROOT = "/Users/rbq/works/AndroidStudioProjects/HalftoneAll/inksi_image_process/build-ios";
				SYSTEM_HEADER_SEARCH_PATHS = ("/private/tmp/opencv-ios-install/include/opencv4","$(inherited)");
				USE_HEADERMAP = NO;
				WARNING_CFLAGS = ("$(inherited)");
			};
			name = Debug;
		};
		82D88924FB24409F9A101264 /* Release */ = {
			isa = XCBuildConfiguration;
			buildSettings = {
				ARCHS = arm64;
				SDKROOT = iphoneos;
				SYMROOT = "/Users/rbq/works/AndroidStudioProjects/HalftoneAll/inksi_image_process/build-ios/build";
			};
			name = Release;
		};
		8F725C3A7B134B2EBB74EBF0 /* Debug */ = {
			isa = XCBuildConfiguration;
			buildSettings = {
				ARCHS = arm64;
				SDKROOT = iphoneos;
				SYMROOT = "/Users/rbq/works/AndroidStudioProjects/HalftoneAll/inksi_image_process/build-ios/build";
			};
			name = Debug;
		};
		969772E2029D49CBA0F1E874 /* Release */ = {
			isa = XCBuildConfiguration;
			buildSettings = {
				COMBINE_HIDPI_IMAGES = YES;
				GCC_GENERATE_DEBUGGING_SYMBOLS = YES;
				GCC_INLINES_ARE_PRIVATE_EXTERN = NO;
				GCC_OPTIMIZATION_LEVEL = 0;
				GCC_PREPROCESSOR_DEFINITIONS = ("'CMAKE_INTDIR=\"$(CONFIGURATION)$(EFFECTIVE_PLATFORM_NAME)\"'","$(inherited)");
				GCC_SYMBOLS_PRIVATE_EXTERN = NO;
				INSTALL_PATH = "";
				OTHER_LDFLAGS = ("","$(inherited)");
				OTHER_REZFLAGS = "";
				PRODUCT_NAME = ZERO_CHECK;
				SECTORDER_FLAGS = "";
				SYMROOT = "/Users/rbq/works/AndroidStudioProjects/HalftoneAll/inksi_image_process/build-ios";
				USE_HEADERMAP = NO;
				WARNING_CFLAGS = ("$(inherited)");
			};
			name = Release;
		};
		9A9AB8B06AE5447AA20ACB48 /* RelWithDebInfo */ = {
			isa = XCBuildConfiguration;
			buildSettings = {
				ARCHS = arm64;
				SDKROOT = iphoneos;
				SYMROOT = "/Users/rbq/works/AndroidStudioProjects/HalftoneAll/inksi_image_process/build-ios/build";
			};
			name = RelWithDebInfo;
		};
		9F8B031CDF394D81AF7147DB /* MinSizeRel */ = {
			isa = XCBuildConfiguration;
			buildSettings = {
				ARCHS = arm64;
				COMBINE_HIDPI_IMAGES = YES;
				EXECUTABLE_PREFIX = lib;
				EXECUTABLE_SUFFIX = .a;
				GCC_GENERATE_DEBUGGING_SYMBOLS = NO;
				GCC_INLINES_ARE_PRIVATE_EXTERN = NO;
				GCC_OPTIMIZATION_LEVEL = s;
				GCC_PREPROCESSOR_DEFINITIONS = ("'CMAKE_INTDIR=\"$(CONFIGURATION)$(EFFECTIVE_PLATFORM_NAME)\"'",INKSI_USE_OPENCV,"$(inherited)");
				GCC_SYMBOLS_PRIVATE_EXTERN = NO;
				INSTALL_PATH = "";
				LIBRARY_STYLE = STATIC;
				ONLY_ACTIVE_ARCH = NO;
				OTHER_CPLUSPLUSFLAGS = "    -DNDEBUG '-std=gnu++17' ";
				OTHER_LIBTOOLFLAGS = ("");
				OTHER_REZFLAGS = "";
				PRODUCT_NAME = inksi_image;
				SECTORDER_FLAGS = "";
				SYMROOT = "/Users/rbq/works/AndroidStudioProjects/HalftoneAll/inksi_image_process/build-ios";
				SYSTEM_HEADER_SEARCH_PATHS = ("/private/tmp/opencv-ios-install/include/opencv4","$(inherited)");
				USE_HEADERMAP = NO;
				WARNING_CFLAGS = ("$(inherited)");
			};
			name = MinSizeRel;
		};
		A211F6DE5AFD4312BE78F798 /* Debug */ = {
			isa = XCBuildConfiguration;
			buildSettings = {
				COMBINE_HIDPI_IMAGES = YES;
				GCC_GENERATE_DEBUGGING_SYMBOLS = YES;
				GCC_INLINES_ARE_PRIVATE_EXTERN = NO;
				GCC_OPTIMIZATION_LEVEL = 0;
				GCC_PREPROCESSOR_DEFINITIONS = ("'CMAKE_INTDIR=\"$(CONFIGURATION)$(EFFECTIVE_PLATFORM_NAME)\"'","$(inherited)");
				GCC_SYMBOLS_PRIVATE_EXTERN = NO;
				INSTALL_PATH = "";
				OTHER_LDFLAGS = ("","$(inherited)");
				OTHER_REZFLAGS = "";
				PRODUCT_NAME = ZERO_CHECK;
				SECTORDER_FLAGS = "";
				SYMROOT = "/Users/rbq/works/AndroidStudioProjects/HalftoneAll/inksi_image_process/build-ios";
				USE_HEADERMAP = NO;
				WARNING_CFLAGS = ("$(inherited)");
			};
			name = Debug;
		};
		B3183CF221E943CFB12E76D0 /* Release */ = {
			isa = XCBuildConfiguration;
			buildSettings = {
				COMBINE_HIDPI_IMAGES = YES;
				GCC_GENERATE_DEBUGGING_SYMBOLS = YES;
				GCC_INLINES_ARE_PRIVATE_EXTERN = NO;
				GCC_OPTIMIZATION_LEVEL = 0;
				GCC_PREPROCESSOR_DEFINITIONS = ("'CMAKE_INTDIR=\"$(CONFIGURATION)$(EFFECTIVE_PLATFORM_NAME)\"'","$(inherited)");
				GCC_SYMBOLS_PRIVATE_EXTERN = NO;
				INSTALL_PATH = "";
				OTHER_LDFLAGS = ("","$(inherited)");
				OTHER_REZFLAGS = "";
				PRODUCT_NAME = install;
				SECTORDER_FLAGS = "";
				SYMROOT = "/Users/rbq/works/AndroidStudioProjects/HalftoneAll/inksi_image_process/build-ios";
				USE_HEADERMAP = NO;
				WARNING_CFLAGS = ("$(inherited)");
			};
			name = Release;
		};
		F3A45BA37A0146869241649C /* Debug */ = {
			isa = XCBuildConfiguration;
			buildSettings = {
				COMBINE_HIDPI_IMAGES = YES;
				GCC_GENERATE_DEBUGGING_SYMBOLS = YES;
				GCC_INLINES_ARE_PRIVATE_EXTERN = NO;
				GCC_OPTIMIZATION_LEVEL = 0;
				GCC_PREPROCESSOR_DEFINITIONS = ("'CMAKE_INTDIR=\"$(CONFIGURATION)$(EFFECTIVE_PLATFORM_NAME)\"'","$(inherited)");
				GCC_SYMBOLS_PRIVATE_EXTERN = NO;
				INSTALL_PATH = "";
				OTHER_LDFLAGS = ("","$(inherited)");
				OTHER_REZFLAGS = "";
				PRODUCT_NAME = install;
				SECTORDER_FLAGS = "";
				SYMROOT = "/Users/rbq/works/AndroidStudioProjects/HalftoneAll/inksi_image_process/build-ios";
				USE_HEADERMAP = NO;
				WARNING_CFLAGS = ("$(inherited)");
			};
			name = Debug;
		};
		F831D1DBB18241D08B340452 /* Debug */ = {
			isa = XCBuildConfiguration;
			buildSettings = {
				COMBINE_HIDPI_IMAGES = YES;
				GCC_GENERATE_DEBUGGING_SYMBOLS = YES;
				GCC_INLINES_ARE_PRIVATE_EXTERN = NO;
				GCC_OPTIMIZATION_LEVEL = 0;
				GCC_PREPROCESSOR_DEFINITIONS = ("'CMAKE_INTDIR=\"$(CONFIGURATION)$(EFFECTIVE_PLATFORM_NAME)\"'","$(inherited)");
				GCC_SYMBOLS_PRIVATE_EXTERN = NO;
				INSTALL_PATH = "";
				OTHER_LDFLAGS = ("","$(inherited)");
				OTHER_REZFLAGS = "";
				PRODUCT_NAME = ALL_BUILD;
				SECTORDER_FLAGS = "";
				SYMROOT = "/Users/rbq/works/AndroidStudioProjects/HalftoneAll/inksi_image_process/build-ios";
				USE_HEADERMAP = NO;
				WARNING_CFLAGS = ("$(inherited)");
			};
			name = Debug;
		};
		F9806009357C4549B9B3C013 /* MinSizeRel */ = {
			isa = XCBuildConfiguration;
			buildSettings = {
				ARCHS = arm64;
				SDKROOT = iphoneos;
				SYMROOT = "/Users/rbq/works/AndroidStudioProjects/HalftoneAll/inksi_image_process/build-ios/build";
			};
			name = MinSizeRel;
		};
		FA36156714FD415EBB91FA89 /* Release */ = {
			isa = XCBuildConfiguration;
			buildSettings = {
				COMBINE_HIDPI_IMAGES = YES;
				GCC_GENERATE_DEBUGGING_SYMBOLS = YES;
				GCC_INLINES_ARE_PRIVATE_EXTERN = NO;
				GCC_OPTIMIZATION_LEVEL = 0;
				GCC_PREPROCESSOR_DEFINITIONS = ("'CMAKE_INTDIR=\"$(CONFIGURATION)$(EFFECTIVE_PLATFORM_NAME)\"'","$(inherited)");
				GCC_SYMBOLS_PRIVATE_EXTERN = NO;
				INSTALL_PATH = "";
				OTHER_LDFLAGS = ("","$(inherited)");
				OTHER_REZFLAGS = "";
				PRODUCT_NAME = ALL_BUILD;
				SECTORDER_FLAGS = "";
				SYMROOT = "/Users/rbq/works/AndroidStudioProjects/HalftoneAll/inksi_image_process/build-ios";
				USE_HEADERMAP = NO;
				WARNING_CFLAGS = ("$(inherited)");
			};
			name = Release;
		};
/* End XCBuildConfiguration section */

/* Begin XCConfigurationList section */
		1A069287536D4FE1929E9494 /* Build configuration list for PBXProject "inksi_image_process" */ = {
			isa = XCConfigurationList;
			buildConfigurations = (
				8F725C3A7B134B2EBB74EBF0 /* Debug */,
				82D88924FB24409F9A101264 /* Release */,
				F9806009357C4549B9B3C013 /* MinSizeRel */,
				9A9AB8B06AE5447AA20ACB48 /* RelWithDebInfo */,
			);
			defaultConfigurationIsVisible = 0;
			defaultConfigurationName = Debug;
		};
		41E46F50775E4F418AE7E2A3 /* Build configuration list for PBXAggregateTarget "ALL_BUILD" */ = {
			isa = XCConfigurationList;
			buildConfigurations = (
				F831D1DBB18241D08B340452 /* Debug */,
				FA36156714FD415EBB91FA89 /* Release */,
				418B8BCF527F44568F7E7C68 /* MinSizeRel */,
				35BF9DF65E5B43EF9E01CE90 /* RelWithDebInfo */,
			);
			defaultConfigurationIsVisible = 0;
			defaultConfigurationName = Debug;
		};
		68B7AE65ED824049A46B9CDC /* Build configuration list for PBXAggregateTarget "ZERO_CHECK" */ = {
			isa = XCConfigurationList;
			buildConfigurations = (
				A211F6DE5AFD4312BE78F798 /* Debug */,
				969772E2029D49CBA0F1E874 /* Release */,
				391A44A4F9D34295A8872912 /* MinSizeRel */,
				29A0003EB23E44EE964FEEB7 /* RelWithDebInfo */,
			);
			defaultConfigurationIsVisible = 0;
			defaultConfigurationName = Debug;
		};
		B40218C41C8342EA83127624 /* Build configuration list for PBXNativeTarget "inksi_image" */ = {
			isa = XCConfigurationList;
			buildConfigurations = (
				6306C440DD324DADBD33BB17 /* Debug */,
				537EBA253A6941F58E29D095 /* Release */,
				9F8B031CDF394D81AF7147DB /* MinSizeRel */,
				03466A86127C4FE790C5F4D7 /* RelWithDebInfo */,
			);
			defaultConfigurationIsVisible = 0;
			defaultConfigurationName = Debug;
		};
		DF34BA421D954B3A882E7422 /* Build configuration list for PBXAggregateTarget "install" */ = {
			isa = XCConfigurationList;
			buildConfigurations = (
				F3A45BA37A0146869241649C /* Debug */,
				B3183CF221E943CFB12E76D0 /* Release */,
				5D4AF32A2AB248B18F34B72B /* MinSizeRel */,
				21214B0215004595B7D8AFF4 /* RelWithDebInfo */,
			);
			defaultConfigurationIsVisible = 0;
			defaultConfigurationName = Debug;
		};
/* End XCConfigurationList section */
	};
	rootObject = 30339DF82AFC41EAAAF6737A /* Project object */;
}
